
Microsoft Visual Studio Solution File, Format Version 12.00
# Visual Studio 15
VisualStudioVersion = 15.0.27703.2042
MinimumVisualStudioVersion = 10.0.40219.1
Project("{FAE04EC0-301F-11D3-BF4B-00C04F79EFBC}") = "BibliotecaListas2", "BibliotecaListas2\BibliotecaListas2.csproj", "{F371200F-B198-41B1-A04A-5F3411408080}"
EndProject
Global
	GlobalSection(SolutionConfigurationPlatforms) = preSolution
		Debug|Any CPU = Debug|Any CPU
		Release|Any CPU = Release|Any CPU
	EndGlobalSection
	GlobalSection(ProjectConfigurationPlatforms) = postSolution
		{F371200F-B198-41B1-A04A-5F3411408080}.Debug|Any CPU.ActiveCfg = Debug|Any CPU
		{F371200F-B198-41B1-A04A-5F3411408080}.Debug|Any CPU.Build.0 = Debug|Any CPU
		{F371200F-B198-41B1-A04A-5F3411408080}.Release|Any CPU.ActiveCfg = Release|Any CPU
		{F371200F-B198-41B1-A04A-5F3411408080}.Release|Any CPU.Build.0 = Release|Any CPU
	EndGlobalSection
	GlobalSection(SolutionProperties) = preSolution
		HideSolutionNode = FALSE
	EndGlobalSection
	GlobalSection(ExtensibilityGlobals) = postSolution
		SolutionGuid = {4566D0CA-E6E0-4682-B119-34299286780C}
	EndGlobalSection
EndGlobal
